// !$*UTF8*$!
{
	archiveVersion = 1;
	classes = {
	};
	objectVersion = 55;
	objects = {

/* Begin PBXBuildFile section */
		2B120336277CBEE60090C0EB /* task_sampleApp.swift in Sources */ = {isa = PBXBuildFile; fileRef = 2B120335277CBEE60090C0EB /* task_sampleApp.swift */; };
		2B120338277CBEE60090C0EB /* ContentView.swift in Sources */ = {isa = PBXBuildFile; fileRef = 2B120337277CBEE60090C0EB /* ContentView.swift */; };
		2B12033A277CBEE80090C0EB /* Assets.xcassets in Resources */ = {isa = PBXBuildFile; fileRef = 2B120339277CBEE80090C0EB /* Assets.xcassets */; };
		2B12033D277CBEE80090C0EB /* Preview Assets.xcassets in Resources */ = {isa = PBXBuildFile; fileRef = 2B12033C277CBEE80090C0EB /* Preview Assets.xcassets */; };
		2B120347277CBEE80090C0EB /* task_sampleTests.swift in Sources */ = {isa = PBXBuildFile; fileRef = 2B120346277CBEE80090C0EB /* task_sampleTests.swift */; };
		2B120351277CBEE80090C0EB /* task_sampleUITests.swift in Sources */ = {isa = PBXBuildFile; fileRef = 2B120350277CBEE80090C0EB /* task_sampleUITests.swift */; };
		2B120353277CBEE80090C0EB /* task_sampleUITestsLaunchTests.swift in Sources */ = {isa = PBXBuildFile; fileRef = 2B120352277CBEE80090C0EB /* task_sampleUITestsLaunchTests.swift */; };
		2B120360277CC38A0090C0EB /* ListRow.swift in Sources */ = {isa = PBXBuildFile; fileRef = 2B12035F277CC38A0090C0EB /* ListRow.swift */; };
		2B120362277D2FCC0090C0EB /* UserData.swift in Sources */ = {isa = PBXBuildFile; fileRef = 2B120361277D2FCC0090C0EB /* UserData.swift */; };
		2B120364277D31F70090C0EB /* UserTask.swift in Sources */ = {isa = PBXBuildFile; fileRef = 2B120363277D31F70090C0EB /* UserTask.swift */; };
		2B120366277D585E0090C0EB /* Draft.swift in Sources */ = {isa = PBXBuildFile; fileRef = 2B120365277D585E0090C0EB /* Draft.swift */; };
/* End PBXBuildFile section */

/* Begin PBXContainerItemProxy section */
		2B120343277CBEE80090C0EB /* PBXContainerItemProxy */ = {
			isa = PBXContainerItemProxy;
			containerPortal = 2B12032A277CBEE60090C0EB /* Project object */;
			proxyType = 1;
			remoteGlobalIDString = 2B120331277CBEE60090C0EB;
			remoteInfo = task_sample;
		};
		2B12034D277CBEE80090C0EB /* PBXContainerItemProxy */ = {
			isa = PBXContainerItemProxy;
			containerPortal = 2B12032A277CBEE60090C0EB /* Project object */;
			proxyType = 1;
			remoteGlobalIDString = 2B120331277CBEE60090C0EB;
			remoteInfo = task_sample;
		};
/* End PBXContainerItemProxy section */

/* Begin PBXFileReference section */
		2B120332277CBEE60090C0EB /* task_sample.app */ = {isa = PBXFileReference; explicitFileType = wrapper.application; includeInIndex = 0; path = task_sample.app; sourceTree = BUILT_PRODUCTS_DIR; };
		2B120335277CBEE60090C0EB /* task_sampleApp.swift */ = {isa = PBXFileReference; lastKnownFileType = sourcecode.swift; path = task_sampleApp.swift; sourceTree = "<group>"; };
		2B120337277CBEE60090C0EB /* ContentView.swift */ = {isa = PBXFileReference; lastKnownFileType = sourcecode.swift; path = ContentView.swift; sourceTree = "<group>"; };
		2B120339277CBEE80090C0EB /* Assets.xcassets */ = {isa = PBXFileReference; lastKnownFileType = folder.assetcatalog; path = Assets.xcassets; sourceTree = "<group>"; };
		2B12033C277CBEE80090C0EB /* Preview Assets.xcassets */ = {isa = PBXFileReference; lastKnownFileType = folder.assetcatalog; path = "Preview Assets.xcassets"; sourceTree = "<group>"; };
		2B120342277CBEE80090C0EB /* task_sampleTests.xctest */ = {isa = PBXFileReference; explicitFileType = wrapper.cfbundle; includeInIndex = 0; path = task_sampleTests.xctest; sourceTree = BUILT_PRODUCTS_DIR; };
		2B120346277CBEE80090C0EB /* task_sampleTests.swift */ = {isa = PBXFileReference; lastKnownFileType = sourcecode.swift; path = task_sampleTests.swift; sourceTree = "<group>"; };
		2B12034C277CBEE80090C0EB /* task_sampleUITests.xctest */ = {isa = PBXFileReference; explicitFileType = wrapper.cfbundle; includeInIndex = 0; path = task_sampleUITests.xctest; sourceTree = BUILT_PRODUCTS_DIR; };
		2B120350277CBEE80090C0EB /* task_sampleUITests.swift */ = {isa = PBXFileReference; lastKnownFileType = sourcecode.swift; path = task_sampleUITests.swift; sourceTree = "<group>"; };
		2B120352277CBEE80090C0EB /* task_sampleUITestsLaunchTests.swift */ = {isa = PBXFileReference; lastKnownFileType = sourcecode.swift; path = task_sampleUITestsLaunchTests.swift; sourceTree = "<group>"; };
		2B12035F277CC38A0090C0EB /* ListRow.swift */ = {isa = PBXFileReference; lastKnownFileType = sourcecode.swift; path = ListRow.swift; sourceTree = "<group>"; };
		2B120361277D2FCC0090C0EB /* UserData.swift */ = {isa = PBXFileReference; lastKnownFileType = sourcecode.swift; path = UserData.swift; sourceTree = "<group>"; };
		2B120363277D31F70090C0EB /* UserTask.swift */ = {isa = PBXFileReference; lastKnownFileType = sourcecode.swift; path = UserTask.swift; sourceTree = "<group>"; };
		2B120365277D585E0090C0EB /* Draft.swift */ = {isa = PBXFileReference; lastKnownFileType = sourcecode.swift; path = Draft.swift; sourceTree = "<group>"; };
/* End PBXFileReference section */

/* Begin PBXFrameworksBuildPhase section */
		2B12032F277CBEE60090C0EB /* Frameworks */ = {
			isa = PBXFrameworksBuildPhase;
			buildActionMask = 2147483647;
			files = (
			);
			runOnlyForDeploymentPostprocessing = 0;
		};
		2B12033F277CBEE80090C0EB /* Frameworks */ = {
			isa = PBXFrameworksBuildPhase;
			buildActionMask = 2147483647;
			files = (
			);
			runOnlyForDeploymentPostprocessing = 0;
		};
		2B120349277CBEE80090C0EB /* Frameworks */ = {
			isa = PBXFrameworksBuildPhase;
			buildActionMask = 2147483647;
			files = (
			);
			runOnlyForDeploymentPostprocessing = 0;
		};
/* End PBXFrameworksBuildPhase section */

/* Begin PBXGroup section */
		2B120329277CBEE60090C0EB = {
			isa = PBXGroup;
			children = (
				2B120334277CBEE60090C0EB /* task_sample */,
				2B120345277CBEE80090C0EB /* task_sampleTests */,
				2B12034F277CBEE80090C0EB /* task_sampleUITests */,
				2B120333277CBEE60090C0EB /* Products */,
			);
			sourceTree = "<group>";
		};
		2B120333277CBEE60090C0EB /* Products */ = {
			isa = PBXGroup;
			children = (
				2B120332277CBEE60090C0EB /* task_sample.app */,
				2B120342277CBEE80090C0EB /* task_sampleTests.xctest */,
				2B12034C277CBEE80090C0EB /* task_sampleUITests.xctest */,
			);
			name = Products;
			sourceTree = "<group>";
		};
		2B120334277CBEE60090C0EB /* task_sample */ = {
			isa = PBXGroup;
			children = (
				2B120335277CBEE60090C0EB /* task_sampleApp.swift */,
				2B120337277CBEE60090C0EB /* ContentView.swift */,
				2B120365277D585E0090C0EB /* Draft.swift */,
				2B120363277D31F70090C0EB /* UserTask.swift */,
				2B120361277D2FCC0090C0EB /* UserData.swift */,
				2B12035F277CC38A0090C0EB /* ListRow.swift */,
				2B120339277CBEE80090C0EB /* Assets.xcassets */,
				2B12033B277CBEE80090C0EB /* Preview Content */,
			);
			path = task_sample;
			sourceTree = "<group>";
		};
		2B12033B277CBEE80090C0EB /* Preview Content */ = {
			isa = PBXGroup;
			children = (
				2B12033C277CBEE80090C0EB /* Preview Assets.xcassets */,
			);
			path = "Preview Content";
			sourceTree = "<group>";
		};
		2B120345277CBEE80090C0EB /* task_sampleTests */ = {
			isa = PBXGroup;
			children = (
				2B120346277CBEE80090C0EB /* task_sampleTests.swift */,
			);
			path = task_sampleTests;
			sourceTree = "<group>";
		};
		2B12034F277CBEE80090C0EB /* task_sampleUITests */ = {
			isa = PBXGroup;
			children = (
				2B120350277CBEE80090C0EB /* task_sampleUITests.swift */,
				2B120352277CBEE80090C0EB /* task_sampleUITestsLaunchTests.swift */,
			);
			path = task_sampleUITests;
			sourceTree = "<group>";
		};
/* End PBXGroup section */

/* Begin PBXNativeTarget section */
		2B120331277CBEE60090C0EB /* task_sample */ = {
			isa = PBXNativeTarget;
			buildConfigurationList = 2B120356277CBEE80090C0EB /* Build configuration list for PBXNativeTarget "task_sample" */;
			buildPhases = (
				2B12032E277CBEE60090C0EB /* Sources */,
				2B12032F277CBEE60090C0EB /* Frameworks */,
				2B120330277CBEE60090C0EB /* Resources */,
			);
			buildRules = (
			);
			dependencies = (
			);
			name = task_sample;
			productName = task_sample;
			productReference = 2B120332277CBEE60090C0EB /* task_sample.app */;
			productType = "com.apple.product-type.application";
		};
		2B120341277CBEE80090C0EB /* task_sampleTests */ = {
			isa = PBXNativeTarget;
			buildConfigurationList = 2B120359277CBEE80090C0EB /* Build configuration list for PBXNativeTarget "task_sampleTests" */;
			buildPhases = (
				2B12033E277CBEE80090C0EB /* Sources */,
				2B12033F277CBEE80090C0EB /* Frameworks */,
				2B120340277CBEE80090C0EB /* Resources */,
			);
			buildRules = (
			);
			dependencies = (
				2B120344277CBEE80090C0EB /* PBXTargetDependency */,
			);
			name = task_sampleTests;
			productName = task_sampleTests;
			productReference = 2B120342277CBEE80090C0EB /* task_sampleTests.xctest */;
			productType = "com.apple.product-type.bundle.unit-test";
		};
		2B12034B277CBEE80090C0EB /* task_sampleUITests */ = {
			isa = PBXNativeTarget;
			buildConfigurationList = 2B12035C277CBEE80090C0EB /* Build configuration list for PBXNativeTarget "task_sampleUITests" */;
			buildPhases = (
				2B120348277CBEE80090C0EB /* Sources */,
				2B120349277CBEE80090C0EB /* Frameworks */,
				2B12034A277CBEE80090C0EB /* Resources */,
			);
			buildRules = (
			);
			dependencies = (
				2B12034E277CBEE80090C0EB /* PBXTargetDependency */,
			);
			name = task_sampleUITests;
			productName = task_sampleUITests;
			productReference = 2B12034C277CBEE80090C0EB /* task_sampleUITests.xctest */;
			productType = "com.apple.product-type.bundle.ui-testing";
		};
/* End PBXNativeTarget section */

/* Begin PBXProject section */
		2B12032A277CBEE60090C0EB /* Project object */ = {
			isa = PBXProject;
			attributes = {
				BuildIndependentTargetsInParallel = 1;
				LastSwiftUpdateCheck = 1320;
				LastUpgradeCheck = 1320;
				TargetAttributes = {
					2B120331277CBEE60090C0EB = {
						CreatedOnToolsVersion = 13.2.1;
					};
					2B120341277CBEE80090C0EB = {
						CreatedOnToolsVersion = 13.2.1;
						TestTargetID = 2B120331277CBEE60090C0EB;
					};
					2B12034B277CBEE80090C0EB = {
						CreatedOnToolsVersion = 13.2.1;
						TestTargetID = 2B120331277CBEE60090C0EB;
					};
				};
			};
			buildConfigurationList = 2B12032D277CBEE60090C0EB /* Build configuration list for PBXProject "task_sample" */;
			compatibilityVersion = "Xcode 13.0";
			developmentRegion = en;
			hasScannedForEncodings = 0;
			knownRegions = (
				en,
				Base,
			);
			mainGroup = 2B120329277CBEE60090C0EB;
			productRefGroup = 2B120333277CBEE60090C0EB /* Products */;
			projectDirPath = "";
			projectRoot = "";
			targets = (
				2B120331277CBEE60090C0EB /* task_sample */,
				2B120341277CBEE80090C0EB /* task_sampleTests */,
				2B12034B277CBEE80090C0EB /* task_sampleUITests */,
			);
		};
/* End PBXProject section */

/* Begin PBXResourcesBuildPhase section */
		2B120330277CBEE60090C0EB /* Resources */ = {
			isa = PBXResourcesBuildPhase;
			buildActionMask = 2147483647;
			files = (
				2B12033D277CBEE80090C0EB /* Preview Assets.xcassets in Resources */,
				2B12033A277CBEE80090C0EB /* Assets.xcassets in Resources */,
			);
			runOnlyForDeploymentPostprocessing = 0;
		};
		2B120340277CBEE80090C0EB /* Resources */ = {
			isa = PBXResourcesBuildPhase;
			buildActionMask = 2147483647;
			files = (
			);
			runOnlyForDeploymentPostprocessing = 0;
		};
		2B12034A277CBEE80090C0EB /* Resources */ = {
			isa = PBXResourcesBuildPhase;
			buildActionMask = 2147483647;
			files = (
			);
			runOnlyForDeploymentPostprocessing = 0;
		};
/* End PBXResourcesBuildPhase section */

/* Begin PBXSourcesBuildPhase section */
		2B12032E277CBEE60090C0EB /* Sources */ = {
			isa = PBXSourcesBuildPhase;
			buildActionMask = 2147483647;
			files = (
				2B120364277D31F70090C0EB /* UserTask.swift in Sources */,
				2B120338277CBEE60090C0EB /* ContentView.swift in Sources */,
				2B120336277CBEE60090C0EB /* task_sampleApp.swift in Sources */,
				2B120366277D585E0090C0EB /* Draft.swift in Sources */,
				2B120362277D2FCC0090C0EB /* UserData.swift in Sources */,
				2B120360277CC38A0090C0EB /* ListRow.swift in Sources */,
			);
			runOnlyForDeploymentPostprocessing = 0;
		};
		2B12033E277CBEE80090C0EB /* Sources */ = {
			isa = PBXSourcesBuildPhase;
			buildActionMask = 2147483647;
			files = (
				2B120347277CBEE80090C0EB /* task_sampleTests.swift in Sources */,
			);
			runOnlyForDeploymentPostprocessing = 0;
		};
		2B120348277CBEE80090C0EB /* Sources */ = {
			isa = PBXSourcesBuildPhase;
			buildActionMask = 2147483647;
			files = (
				2B120351277CBEE80090C0EB /* task_sampleUITests.swift in Sources */,
				2B120353277CBEE80090C0EB /* task_sampleUITestsLaunchTests.swift in Sources */,
			);
			runOnlyForDeploymentPostprocessing = 0;
		};
/* End PBXSourcesBuildPhase section */

/* Begin PBXTargetDependency section */
		2B120344277CBEE80090C0EB /* PBXTargetDependency */ = {
			isa = PBXTargetDependency;
			target = 2B120331277CBEE60090C0EB /* task_sample */;
			targetProxy = 2B120343277CBEE80090C0EB /* PBXContainerItemProxy */;
		};
		2B12034E277CBEE80090C0EB /* PBXTargetDependency */ = {
			isa = PBXTargetDependency;
			target = 2B120331277CBEE60090C0EB /* task_sample */;
			targetProxy = 2B12034D277CBEE80090C0EB /* PBXContainerItemProxy */;
		};
/* End PBXTargetDependency section */

/* Begin XCBuildConfiguration section */
		2B120354277CBEE80090C0EB /* Debug */ = {
			isa = XCBuildConfiguration;
			buildSettings = {
				ALWAYS_SEARCH_USER_PATHS = NO;
				CLANG_ANALYZER_NONNULL = YES;
				CLANG_ANALYZER_NUMBER_OBJECT_CONVERSION = YES_AGGRESSIVE;
				CLANG_CXX_LANGUAGE_STANDARD = "gnu++17";
				CLANG_CXX_LIBRARY = "libc++";
				CLANG_ENABLE_MODULES = YES;
				CLANG_ENABLE_OBJC_ARC = YES;
				CLANG_ENABLE_OBJC_WEAK = YES;
				CLANG_WARN_BLOCK_CAPTURE_AUTORELEASING = YES;
				CLANG_WARN_BOOL_CONVERSION = YES;
				CLANG_WARN_COMMA = YES;
				CLANG_WARN_CONSTANT_CONVERSION = YES;
				CLANG_WARN_DEPRECATED_OBJC_IMPLEMENTATIONS = YES;
				CLANG_WARN_DIRECT_OBJC_ISA_USAGE = YES_ERROR;
				CLANG_WARN_DOCUMENTATION_COMMENTS = YES;
				CLANG_WARN_EMPTY_BODY = YES;
				CLANG_WARN_ENUM_CONVERSION = YES;
				CLANG_WARN_INFINITE_RECURSION = YES;
				CLANG_WARN_INT_CONVERSION = YES;
				CLANG_WARN_NON_LITERAL_NULL_CONVERSION = YES;
				CLANG_WARN_OBJC_IMPLICIT_RETAIN_SELF = YES;
				CLANG_WARN_OBJC_LITERAL_CONVERSION = YES;
				CLANG_WARN_OBJC_ROOT_CLASS = YES_ERROR;
				CLANG_WARN_QUOTED_INCLUDE_IN_FRAMEWORK_HEADER = YES;
				CLANG_WARN_RANGE_LOOP_ANALYSIS = YES;
				CLANG_WARN_STRICT_PROTOTYPES = YES;
				CLANG_WARN_SUSPICIOUS_MOVE = YES;
				CLANG_WARN_UNGUARDED_AVAILABILITY = YES_AGGRESSIVE;
				CLANG_WARN_UNREACHABLE_CODE = YES;
				CLANG_WARN__DUPLICATE_METHOD_MATCH = YES;
				COPY_PHASE_STRIP = NO;
				DEBUG_INFORMATION_FORMAT = dwarf;
				ENABLE_STRICT_OBJC_MSGSEND = YES;
				ENABLE_TESTABILITY = YES;
				GCC_C_LANGUAGE_STANDARD = gnu11;
				GCC_DYNAMIC_NO_PIC = NO;
				GCC_NO_COMMON_BLOCKS = YES;
				GCC_OPTIMIZATION_LEVEL = 0;
				GCC_PREPROCESSOR_DEFINITIONS = (
					"DEBUG=1",
					"$(inherited)",
				);
				GCC_WARN_64_TO_32_BIT_CONVERSION = YES;
				GCC_WARN_ABOUT_RETURN_TYPE = YES_ERROR;
				GCC_WARN_UNDECLARED_SELECTOR = YES;
				GCC_WARN_UNINITIALIZED_AUTOS = YES_AGGRESSIVE;
				GCC_WARN_UNUSED_FUNCTION = YES;
				GCC_WARN_UNUSED_VARIABLE = YES;
				IPHONEOS_DEPLOYMENT_TARGET = 15.2;
				MTL_ENABLE_DEBUG_INFO = INCLUDE_SOURCE;
				MTL_FAST_MATH = YES;
				ONLY_ACTIVE_ARCH = YES;
				SDKROOT = iphoneos;
				SWIFT_ACTIVE_COMPILATION_CONDITIONS = DEBUG;
				SWIFT_OPTIMIZATION_LEVEL = "-Onone";
			};
			name = Debug;
		};
		2B120355277CBEE80090C0EB /* Release */ = {
			isa = XCBuildConfiguration;
			buildSettings = {
				ALWAYS_SEARCH_USER_PATHS = NO;
				CLANG_ANALYZER_NONNULL = YES;
				CLANG_ANALYZER_NUMBER_OBJECT_CONVERSION = YES_AGGRESSIVE;
				CLANG_CXX_LANGUAGE_STANDARD = "gnu++17";
				CLANG_CXX_LIBRARY = "libc++";
				CLANG_ENABLE_MODULES = YES;
				CLANG_ENABLE_OBJC_ARC = YES;
				CLANG_ENABLE_OBJC_WEAK = YES;
				CLANG_WARN_BLOCK_CAPTURE_AUTORELEASING = YES;
				CLANG_WARN_BOOL_CONVERSION = YES;
				CLANG_WARN_COMMA = YES;
				CLANG_WARN_CONSTANT_CONVERSION = YES;
				CLANG_WARN_DEPRECATED_OBJC_IMPLEMENTATIONS = YES;
				CLANG_WARN_DIRECT_OBJC_ISA_USAGE = YES_ERROR;
				CLANG_WARN_DOCUMENTATION_COMMENTS = YES;
				CLANG_WARN_EMPTY_BODY = YES;
				CLANG_WARN_ENUM_CONVERSION = YES;
				CLANG_WARN_INFINITE_RECURSION = YES;
				CLANG_WARN_INT_CONVERSION = YES;
				CLANG_WARN_NON_LITERAL_NULL_CONVERSION = YES;
				CLANG_WARN_OBJC_IMPLICIT_RETAIN_SELF = YES;
				CLANG_WARN_OBJC_LITERAL_CONVERSION = YES;
				CLANG_WARN_OBJC_ROOT_CLASS = YES_ERROR;
				CLANG_WARN_QUOTED_INCLUDE_IN_FRAMEWORK_HEADER = YES;
				CLANG_WARN_RANGE_LOOP_ANALYSIS = YES;
				CLANG_WARN_STRICT_PROTOTYPES = YES;
				CLANG_WARN_SUSPICIOUS_MOVE = YES;
				CLANG_WARN_UNGUARDED_AVAILABILITY = YES_AGGRESSIVE;
				CLANG_WARN_UNREACHABLE_CODE = YES;
				CLANG_WARN__DUPLICATE_METHOD_MATCH = YES;
				COPY_PHASE_STRIP = NO;
				DEBUG_INFORMATION_FORMAT = "dwarf-with-dsym";
				ENABLE_NS_ASSERTIONS = NO;
				ENABLE_STRICT_OBJC_MSGSEND = YES;
				GCC_C_LANGUAGE_STANDARD = gnu11;
				GCC_NO_COMMON_BLOCKS = YES;
				GCC_WARN_64_TO_32_BIT_CONVERSION = YES;
				GCC_WARN_ABOUT_RETURN_TYPE = YES_ERROR;
				GCC_WARN_UNDECLARED_SELECTOR = YES;
				GCC_WARN_UNINITIALIZED_AUTOS = YES_AGGRESSIVE;
				GCC_WARN_UNUSED_FUNCTION = YES;
				GCC_WARN_UNUSED_VARIABLE = YES;
				IPHONEOS_DEPLOYMENT_TARGET = 15.2;
				MTL_ENABLE_DEBUG_INFO = NO;
				MTL_FAST_MATH = YES;
				SDKROOT = iphoneos;
				SWIFT_COMPILATION_MODE = wholemodule;
				SWIFT_OPTIMIZATION_LEVEL = "-O";
				VALIDATE_PRODUCT = YES;
			};
			name = Release;
		};
		2B120357277CBEE80090C0EB /* Debug */ = {
			isa = XCBuildConfiguration;
			buildSettings = {
				ASSETCATALOG_COMPILER_APPICON_NAME = AppIcon;
				ASSETCATALOG_COMPILER_GLOBAL_ACCENT_COLOR_NAME = AccentColor;
				CODE_SIGN_STYLE = Automatic;
				CURRENT_PROJECT_VERSION = 1;
				DEVELOPMENT_ASSET_PATHS = "\"task_sample/Preview Content\"";
				ENABLE_PREVIEWS = YES;
				GENERATE_INFOPLIST_FILE = YES;
				INFOPLIST_KEY_UIApplicationSceneManifest_Generation = YES;
				INFOPLIST_KEY_UIApplicationSupportsIndirectInputEvents = YES;
				INFOPLIST_KEY_UILaunchScreen_Generation = YES;
				INFOPLIST_KEY_UISupportedInterfaceOrientations_iPad = "UIInterfaceOrientationPortrait UIInterfaceOrientationPortraitUpsideDown UIInterfaceOrientationLandscapeLeft UIInterfaceOrientationLandscapeRight";
				INFOPLIST_KEY_UISupportedInterfaceOrientations_iPhone = "UIInterfaceOrientationPortrait UIInterfaceOrientationLandscapeLeft UIInterfaceOrientationLandscapeRight";
				LD_RUNPATH_SEARCH_PATHS = (
					"$(inherited)",
					"@executable_path/Frameworks",
				);
				MARKETING_VERSION = 1.0;
				PRODUCT_BUNDLE_IDENTIFIER = "task-sample.task-sample";
				PRODUCT_NAME = "$(TARGET_NAME)";
				SWIFT_EMIT_LOC_STRINGS = YES;
				SWIFT_VERSION = 5.0;
				TARGETED_DEVICE_FAMILY = "1,2";
			};
			name = Debug;
		};
		2B120358277CBEE80090C0EB /* Release */ = {
			isa = XCBuildConfiguration;
			buildSettings = {
				ASSETCATALOG_COMPILER_APPICON_NAME = AppIcon;
				ASSETCATALOG_COMPILER_GLOBAL_ACCENT_COLOR_NAME = AccentColor;
				CODE_SIGN_STYLE = Automatic;
				CURRENT_PROJECT_VERSION = 1;
				DEVELOPMENT_ASSET_PATHS = "\"task_sample/Preview Content\"";
				ENABLE_PREVIEWS = YES;
				GENERATE_INFOPLIST_FILE = YES;
				INFOPLIST_KEY_UIApplicationSceneManifest_Generation = YES;
				INFOPLIST_KEY_UIApplicationSupportsIndirectInputEvents = YES;
				INFOPLIST_KEY_UILaunchScreen_Generation = YES;
				INFOPLIST_KEY_UISupportedInterfaceOrientations_iPad = "UIInterfaceOrientationPortrait UIInterfaceOrientationPortraitUpsideDown UIInterfaceOrientationLandscapeLeft UIInterfaceOrientationLandscapeRight";
				INFOPLIST_KEY_UISupportedInterfaceOrientations_iPhone = "UIInterfaceOrientationPortrait UIInterfaceOrientationLandscapeLeft UIInterfaceOrientationLandscapeRight";
				LD_RUNPATH_SEARCH_PATHS = (
					"$(inherited)",
					"@executable_path/Frameworks",
				);
				MARKETING_VERSION = 1.0;
				PRODUCT_BUNDLE_IDENTIFIER = "task-sample.task-sample";
				PRODUCT_NAME = "$(TARGET_NAME)";
				SWIFT_EMIT_LOC_STRINGS = YES;
				SWIFT_VERSION = 5.0;
				TARGETED_DEVICE_FAMILY = "1,2";
			};
			name = Release;
		};
		2B12035A277CBEE80090C0EB /* Debug */ = {
			isa = XCBuildConfiguration;
			buildSettings = {
				ALWAYS_EMBED_SWIFT_STANDARD_LIBRARIES = YES;
				BUNDLE_LOADER = "$(TEST_HOST)";
				CODE_SIGN_STYLE = Automatic;
				CURRENT_PROJECT_VERSION = 1;
				GENERATE_INFOPLIST_FILE = YES;
				IPHONEOS_DEPLOYMENT_TARGET = 15.2;
				MARKETING_VERSION = 1.0;
				PRODUCT_BUNDLE_IDENTIFIER = "task-sample.task-sampleTests";
				PRODUCT_NAME = "$(TARGET_NAME)";
				SWIFT_EMIT_LOC_STRINGS = NO;
				SWIFT_VERSION = 5.0;
				TARGETED_DEVICE_FAMILY = "1,2";
				TEST_HOST = "$(BUILT_PRODUCTS_DIR)/task_sample.app/task_sample";
			};
			name = Debug;
		};
		2B12035B277CBEE80090C0EB /* Release */ = {
			isa = XCBuildConfiguration;
			buildSettings = {
				ALWAYS_EMBED_SWIFT_STANDARD_LIBRARIES = YES;
				BUNDLE_LOADER = "$(TEST_HOST)";
				CODE_SIGN_STYLE = Automatic;
				CURRENT_PROJECT_VERSION = 1;
				GENERATE_INFOPLIST_FILE = YES;
				IPHONEOS_DEPLOYMENT_TARGET = 15.2;
				MARKETING_VERSION = 1.0;
				PRODUCT_BUNDLE_IDENTIFIER = "task-sample.task-sampleTests";
				PRODUCT_NAME = "$(TARGET_NAME)";
				SWIFT_EMIT_LOC_STRINGS = NO;
				SWIFT_VERSION = 5.0;
				TARGETED_DEVICE_FAMILY = "1,2";
				TEST_HOST = "$(BUILT_PRODUCTS_DIR)/task_sample.app/task_sample";
			};
			name = Release;
		};
		2B12035D277CBEE80090C0EB /* Debug */ = {
			isa = XCBuildConfiguration;
			buildSettings = {
				ALWAYS_EMBED_SWIFT_STANDARD_LIBRARIES = YES;
				CODE_SIGN_STYLE = Automatic;
				CURRENT_PROJECT_VERSION = 1;
				GENERATE_INFOPLIST_FILE = YES;
				MARKETING_VERSION = 1.0;
				PRODUCT_BUNDLE_IDENTIFIER = "task-sample.task-sampleUITests";
				PRODUCT_NAME = "$(TARGET_NAME)";
				SWIFT_EMIT_LOC_STRINGS = NO;
				SWIFT_VERSION = 5.0;
				TARGETED_DEVICE_FAMILY = "1,2";
				TEST_TARGET_NAME = task_sample;
			};
			name = Debug;
		};
		2B12035E277CBEE80090C0EB /* Release */ = {
			isa = XCBuildConfiguration;
			buildSettings = {
				ALWAYS_EMBED_SWIFT_STANDARD_LIBRARIES = YES;
				CODE_SIGN_STYLE = Automatic;
				CURRENT_PROJECT_VERSION = 1;
				GENERATE_INFOPLIST_FILE = YES;
				MARKETING_VERSION = 1.0;
				PRODUCT_BUNDLE_IDENTIFIER = "task-sample.task-sampleUITests";
				PRODUCT_NAME = "$(TARGET_NAME)";
				SWIFT_EMIT_LOC_STRINGS = NO;
				SWIFT_VERSION = 5.0;
				TARGETED_DEVICE_FAMILY = "1,2";
				TEST_TARGET_NAME = task_sample;
			};
			name = Release;
		};
/* End XCBuildConfiguration section */

/* Begin XCConfigurationList section */
		2B12032D277CBEE60090C0EB /* Build configuration list for PBXProject "task_sample" */ = {
			isa = XCConfigurationList;
			buildConfigurations = (
				2B120354277CBEE80090C0EB /* Debug */,
				2B120355277CBEE80090C0EB /* Release */,
			);
			defaultConfigurationIsVisible = 0;
			defaultConfigurationName = Release;
		};
		2B120356277CBEE80090C0EB /* Build configuration list for PBXNativeTarget "task_sample" */ = {
			isa = XCConfigurationList;
			buildConfigurations = (
				2B120357277CBEE80090C0EB /* Debug */,
				2B120358277CBEE80090C0EB /* Release */,
			);
			defaultConfigurationIsVisible = 0;
			defaultConfigurationName = Release;
		};
		2B120359277CBEE80090C0EB /* Build configuration list for PBXNativeTarget "task_sampleTests" */ = {
			isa = XCConfigurationList;
			buildConfigurations = (
				2B12035A277CBEE80090C0EB /* Debug */,
				2B12035B277CBEE80090C0EB /* Release */,
			);
			defaultConfigurationIsVisible = 0;
			defaultConfigurationName = Release;
		};
		2B12035C277CBEE80090C0EB /* Build configuration list for PBXNativeTarget "task_sampleUITests" */ = {
			isa = XCConfigurationList;
			buildConfigurations = (
				2B12035D277CBEE80090C0EB /* Debug */,
				2B12035E277CBEE80090C0EB /* Release */,
			);
			defaultConfigurationIsVisible = 0;
			defaultConfigurationName = Release;
		};
/* End XCConfigurationList section */
	};
	rootObject = 2B12032A277CBEE60090C0EB /* Project object */;
}
